
Microsoft Visual Studio Solution File, Format Version 12.00
# Visual Studio 15
Project("{FAE04EC0-301F-11D3-BF4B-00C04F79EFBC}") = "Assembly-CSharp", "Assembly-CSharp.csproj", "{B77241C0-1A3B-7260-2C74-5EB0CE34DEE9}"
EndProject
Project("{FAE04EC0-301F-11D3-BF4B-00C04F79EFBC}") = "Assembly-CSharp-Editor", "Assembly-CSharp-Editor.csproj", "{6F4EED5D-9C31-9103-FF76-448516177CC0}"
EndProject
Global
	GlobalSection(SolutionConfigurationPlatforms) = preSolution
		Debug|Any CPU = Debug|Any CPU
		Release|Any CPU = Release|Any CPU
	EndGlobalSection
	GlobalSection(ProjectConfigurationPlatforms) = postSolution
		{B77241C0-1A3B-7260-2C74-5EB0CE34DEE9}.Debug|Any CPU.ActiveCfg = Debug|Any CPU
		{B77241C0-1A3B-7260-2C74-5EB0CE34DEE9}.Debug|Any CPU.Build.0 = Debug|Any CPU
		{B77241C0-1A3B-7260-2C74-5EB0CE34DEE9}.Release|Any CPU.ActiveCfg = Release|Any CPU
		{B77241C0-1A3B-7260-2C74-5EB0CE34DEE9}.Release|Any CPU.Build.0 = Release|Any CPU
		{6F4EED5D-9C31-9103-FF76-448516177CC0}.Debug|Any CPU.ActiveCfg = Debug|Any CPU
		{6F4EED5D-9C31-9103-FF76-448516177CC0}.Debug|Any CPU.Build.0 = Debug|Any CPU
		{6F4EED5D-9C31-9103-FF76-448516177CC0}.Release|Any CPU.ActiveCfg = Release|Any CPU
		{6F4EED5D-9C31-9103-FF76-448516177CC0}.Release|Any CPU.Build.0 = Release|Any CPU
	EndGlobalSection
	GlobalSection(SolutionProperties) = preSolution
		HideSolutionNode = FALSE
	EndGlobalSection
EndGlobal
